hash: 86926427d200b3bee32572243896d4f25270e98a1289189e016e5dc1c4acca74
updated: 2016-06-16T22:46:39.675929588Z
imports:
- name: github.com/goware/urlx
  version: 86bdc24560383254e8b977da31a823eddf904409
- name: github.com/PuerkitoBio/purell
  version: 1d5d1cfad45d42ec5f81fa8ef23de09cebc6dcc3
- name: github.com/PuerkitoBio/urlesc
  version: 5fa9ff0392746aeae1c4b37fcc42c65afa7a9587
- name: golang.org/x/net
  version: d7bf3545bb0dacf009c535b3d3fbf53ac0a339ab
  subpackages:
  - idna
devImports: []
